
Microsoft Visual Studio Solution File, Format Version 12.00
# Visual Studio Version 16
VisualStudioVersion = 16.0.32106.194
MinimumVisualStudioVersion = 10.0.40219.1
Project("{FAE04EC0-301F-11D3-BF4B-00C04F79EFBC}") = "SistemInformatic", "SistemInformatic\SistemInformatic.csproj", "{3D61691C-26C5-49C5-800D-FD236BA71F28}"
EndProject
Global
	GlobalSection(SolutionConfigurationPlatforms) = preSolution
		Debug|Any CPU = Debug|Any CPU
		Release|Any CPU = Release|Any CPU
	EndGlobalSection
	GlobalSection(ProjectConfigurationPlatforms) = postSolution
		{3D61691C-26C5-49C5-800D-FD236BA71F28}.Debug|Any CPU.ActiveCfg = Debug|Any CPU
		{3D61691C-26C5-49C5-800D-FD236BA71F28}.Debug|Any CPU.Build.0 = Debug|Any CPU
		{3D61691C-26C5-49C5-800D-FD236BA71F28}.Release|Any CPU.ActiveCfg = Release|Any CPU
		{3D61691C-26C5-49C5-800D-FD236BA71F28}.Release|Any CPU.Build.0 = Release|Any CPU
	EndGlobalSection
	GlobalSection(SolutionProperties) = preSolution
		HideSolutionNode = FALSE
	EndGlobalSection
	GlobalSection(ExtensibilityGlobals) = postSolution
		SolutionGuid = {05E1BCA8-82AB-4937-A16F-23CC0F9B7E39}
	EndGlobalSection
EndGlobal
